// !$*UTF8*$!
{
	archiveVersion = 1;
	classes = {
	};
	objectVersion = 50;
	objects = {

/* Begin PBXBuildFile section */
		6956CE4826424FB50089BD04 /* ImageView+Extension.swift in Sources */ = {isa = PBXBuildFile; fileRef = 6956CE4726424FB50089BD04 /* ImageView+Extension.swift */; };
		6956CE4A2642897F0089BD04 /* PropertyViewController.swift in Sources */ = {isa = PBXBuildFile; fileRef = 6956CE492642897F0089BD04 /* PropertyViewController.swift */; };
		6986241F264216190007AFAC /* AppDelegate.swift in Sources */ = {isa = PBXBuildFile; fileRef = 6986241E264216190007AFAC /* AppDelegate.swift */; };
		69862421264216190007AFAC /* SceneDelegate.swift in Sources */ = {isa = PBXBuildFile; fileRef = 69862420264216190007AFAC /* SceneDelegate.swift */; };
		69862423264216190007AFAC /* PropertiesViewController.swift in Sources */ = {isa = PBXBuildFile; fileRef = 69862422264216190007AFAC /* PropertiesViewController.swift */; };
		69862426264216190007AFAC /* Main.storyboard in Resources */ = {isa = PBXBuildFile; fileRef = 69862424264216190007AFAC /* Main.storyboard */; };
		698624282642161A0007AFAC /* Assets.xcassets in Resources */ = {isa = PBXBuildFile; fileRef = 698624272642161A0007AFAC /* Assets.xcassets */; };
		6986242B2642161A0007AFAC /* LaunchScreen.storyboard in Resources */ = {isa = PBXBuildFile; fileRef = 698624292642161A0007AFAC /* LaunchScreen.storyboard */; };
		698624362642161A0007AFAC /* SentiaCodeChallengeTests.swift in Sources */ = {isa = PBXBuildFile; fileRef = 698624352642161A0007AFAC /* SentiaCodeChallengeTests.swift */; };
		698624412642161A0007AFAC /* SentiaCodeChallengeUITests.swift in Sources */ = {isa = PBXBuildFile; fileRef = 698624402642161A0007AFAC /* SentiaCodeChallengeUITests.swift */; };
		698624522642177B0007AFAC /* Properties.swift in Sources */ = {isa = PBXBuildFile; fileRef = 698624512642177B0007AFAC /* Properties.swift */; };
		69862455264218750007AFAC /* HTTPClient.swift in Sources */ = {isa = PBXBuildFile; fileRef = 69862454264218750007AFAC /* HTTPClient.swift */; };
		69862458264218F90007AFAC /* URL+Extension.swift in Sources */ = {isa = PBXBuildFile; fileRef = 69862457264218F90007AFAC /* URL+Extension.swift */; };
		6986245B26421D460007AFAC /* PropertyCell.swift in Sources */ = {isa = PBXBuildFile; fileRef = 6986245A26421D460007AFAC /* PropertyCell.swift */; };
		6986245D26421DAD0007AFAC /* PropertyCell.xib in Resources */ = {isa = PBXBuildFile; fileRef = 6986245C26421DAD0007AFAC /* PropertyCell.xib */; };
/* End PBXBuildFile section */

/* Begin PBXContainerItemProxy section */
		698624322642161A0007AFAC /* PBXContainerItemProxy */ = {
			isa = PBXContainerItemProxy;
			containerPortal = 69862413264216190007AFAC /* Project object */;
			proxyType = 1;
			remoteGlobalIDString = 6986241A264216190007AFAC;
			remoteInfo = SentiaCodeChallenge;
		};
		6986243D2642161A0007AFAC /* PBXContainerItemProxy */ = {
			isa = PBXContainerItemProxy;
			containerPortal = 69862413264216190007AFAC /* Project object */;
			proxyType = 1;
			remoteGlobalIDString = 6986241A264216190007AFAC;
			remoteInfo = SentiaCodeChallenge;
		};
/* End PBXContainerItemProxy section */

/* Begin PBXFileReference section */
		6956CE4726424FB50089BD04 /* ImageView+Extension.swift */ = {isa = PBXFileReference; lastKnownFileType = sourcecode.swift; path = "ImageView+Extension.swift"; sourceTree = "<group>"; };
		6956CE492642897F0089BD04 /* PropertyViewController.swift */ = {isa = PBXFileReference; lastKnownFileType = sourcecode.swift; path = PropertyViewController.swift; sourceTree = "<group>"; };
		6986241B264216190007AFAC /* SentiaCodeChallenge.app */ = {isa = PBXFileReference; explicitFileType = wrapper.application; includeInIndex = 0; path = SentiaCodeChallenge.app; sourceTree = BUILT_PRODUCTS_DIR; };
		6986241E264216190007AFAC /* AppDelegate.swift */ = {isa = PBXFileReference; lastKnownFileType = sourcecode.swift; path = AppDelegate.swift; sourceTree = "<group>"; };
		69862420264216190007AFAC /* SceneDelegate.swift */ = {isa = PBXFileReference; lastKnownFileType = sourcecode.swift; path = SceneDelegate.swift; sourceTree = "<group>"; };
		69862422264216190007AFAC /* PropertiesViewController.swift */ = {isa = PBXFileReference; lastKnownFileType = sourcecode.swift; path = PropertiesViewController.swift; sourceTree = "<group>"; };
		69862425264216190007AFAC /* Base */ = {isa = PBXFileReference; lastKnownFileType = file.storyboard; name = Base; path = Base.lproj/Main.storyboard; sourceTree = "<group>"; };
		698624272642161A0007AFAC /* Assets.xcassets */ = {isa = PBXFileReference; lastKnownFileType = folder.assetcatalog; path = Assets.xcassets; sourceTree = "<group>"; };
		6986242A2642161A0007AFAC /* Base */ = {isa = PBXFileReference; lastKnownFileType = file.storyboard; name = Base; path = Base.lproj/LaunchScreen.storyboard; sourceTree = "<group>"; };
		6986242C2642161A0007AFAC /* Info.plist */ = {isa = PBXFileReference; lastKnownFileType = text.plist.xml; path = Info.plist; sourceTree = "<group>"; };
		698624312642161A0007AFAC /* SentiaCodeChallengeTests.xctest */ = {isa = PBXFileReference; explicitFileType = wrapper.cfbundle; includeInIndex = 0; path = SentiaCodeChallengeTests.xctest; sourceTree = BUILT_PRODUCTS_DIR; };
		698624352642161A0007AFAC /* SentiaCodeChallengeTests.swift */ = {isa = PBXFileReference; lastKnownFileType = sourcecode.swift; path = SentiaCodeChallengeTests.swift; sourceTree = "<group>"; };
		698624372642161A0007AFAC /* Info.plist */ = {isa = PBXFileReference; lastKnownFileType = text.plist.xml; path = Info.plist; sourceTree = "<group>"; };
		6986243C2642161A0007AFAC /* SentiaCodeChallengeUITests.xctest */ = {isa = PBXFileReference; explicitFileType = wrapper.cfbundle; includeInIndex = 0; path = SentiaCodeChallengeUITests.xctest; sourceTree = BUILT_PRODUCTS_DIR; };
		698624402642161A0007AFAC /* SentiaCodeChallengeUITests.swift */ = {isa = PBXFileReference; lastKnownFileType = sourcecode.swift; path = SentiaCodeChallengeUITests.swift; sourceTree = "<group>"; };
		698624422642161A0007AFAC /* Info.plist */ = {isa = PBXFileReference; lastKnownFileType = text.plist.xml; path = Info.plist; sourceTree = "<group>"; };
		698624512642177B0007AFAC /* Properties.swift */ = {isa = PBXFileReference; lastKnownFileType = sourcecode.swift; path = Properties.swift; sourceTree = "<group>"; };
		69862454264218750007AFAC /* HTTPClient.swift */ = {isa = PBXFileReference; lastKnownFileType = sourcecode.swift; path = HTTPClient.swift; sourceTree = "<group>"; };
		69862457264218F90007AFAC /* URL+Extension.swift */ = {isa = PBXFileReference; lastKnownFileType = sourcecode.swift; path = "URL+Extension.swift"; sourceTree = "<group>"; };
		6986245A26421D460007AFAC /* PropertyCell.swift */ = {isa = PBXFileReference; lastKnownFileType = sourcecode.swift; path = PropertyCell.swift; sourceTree = "<group>"; };
		6986245C26421DAD0007AFAC /* PropertyCell.xib */ = {isa = PBXFileReference; lastKnownFileType = file.xib; path = PropertyCell.xib; sourceTree = "<group>"; };
/* End PBXFileReference section */

/* Begin PBXFrameworksBuildPhase section */
		69862418264216190007AFAC /* Frameworks */ = {
			isa = PBXFrameworksBuildPhase;
			buildActionMask = 2147483647;
			files = (
			);
			runOnlyForDeploymentPostprocessing = 0;
		};
		6986242E2642161A0007AFAC /* Frameworks */ = {
			isa = PBXFrameworksBuildPhase;
			buildActionMask = 2147483647;
			files = (
			);
			runOnlyForDeploymentPostprocessing = 0;
		};
		698624392642161A0007AFAC /* Frameworks */ = {
			isa = PBXFrameworksBuildPhase;
			buildActionMask = 2147483647;
			files = (
			);
			runOnlyForDeploymentPostprocessing = 0;
		};
/* End PBXFrameworksBuildPhase section */

/* Begin PBXGroup section */
		69862412264216190007AFAC = {
			isa = PBXGroup;
			children = (
				6986241D264216190007AFAC /* SentiaCodeChallenge */,
				698624342642161A0007AFAC /* SentiaCodeChallengeTests */,
				6986243F2642161A0007AFAC /* SentiaCodeChallengeUITests */,
				6986241C264216190007AFAC /* Products */,
			);
			sourceTree = "<group>";
		};
		6986241C264216190007AFAC /* Products */ = {
			isa = PBXGroup;
			children = (
				6986241B264216190007AFAC /* SentiaCodeChallenge.app */,
				698624312642161A0007AFAC /* SentiaCodeChallengeTests.xctest */,
				6986243C2642161A0007AFAC /* SentiaCodeChallengeUITests.xctest */,
			);
			name = Products;
			sourceTree = "<group>";
		};
		6986241D264216190007AFAC /* SentiaCodeChallenge */ = {
			isa = PBXGroup;
			children = (
				69862456264218CD0007AFAC /* Extensions */,
				69862453264218610007AFAC /* Service */,
				6986244E2642173E0007AFAC /* Model */,
				6986241E264216190007AFAC /* AppDelegate.swift */,
				69862420264216190007AFAC /* SceneDelegate.swift */,
				6986245926421D320007AFAC /* View */,
				69862424264216190007AFAC /* Main.storyboard */,
				698624272642161A0007AFAC /* Assets.xcassets */,
				698624292642161A0007AFAC /* LaunchScreen.storyboard */,
				6986242C2642161A0007AFAC /* Info.plist */,
			);
			path = SentiaCodeChallenge;
			sourceTree = "<group>";
		};
		698624342642161A0007AFAC /* SentiaCodeChallengeTests */ = {
			isa = PBXGroup;
			children = (
				698624352642161A0007AFAC /* SentiaCodeChallengeTests.swift */,
				698624372642161A0007AFAC /* Info.plist */,
			);
			path = SentiaCodeChallengeTests;
			sourceTree = "<group>";
		};
		6986243F2642161A0007AFAC /* SentiaCodeChallengeUITests */ = {
			isa = PBXGroup;
			children = (
				698624402642161A0007AFAC /* SentiaCodeChallengeUITests.swift */,
				698624422642161A0007AFAC /* Info.plist */,
			);
			path = SentiaCodeChallengeUITests;
			sourceTree = "<group>";
		};
		6986244E2642173E0007AFAC /* Model */ = {
			isa = PBXGroup;
			children = (
				698624512642177B0007AFAC /* Properties.swift */,
			);
			path = Model;
			sourceTree = "<group>";
		};
		69862453264218610007AFAC /* Service */ = {
			isa = PBXGroup;
			children = (
				69862454264218750007AFAC /* HTTPClient.swift */,
			);
			path = Service;
			sourceTree = "<group>";
		};
		69862456264218CD0007AFAC /* Extensions */ = {
			isa = PBXGroup;
			children = (
				69862457264218F90007AFAC /* URL+Extension.swift */,
				6956CE4726424FB50089BD04 /* ImageView+Extension.swift */,
			);
			path = Extensions;
			sourceTree = "<group>";
		};
		6986245926421D320007AFAC /* View */ = {
			isa = PBXGroup;
			children = (
				69862422264216190007AFAC /* PropertiesViewController.swift */,
				6986245A26421D460007AFAC /* PropertyCell.swift */,
				6986245C26421DAD0007AFAC /* PropertyCell.xib */,
				6956CE492642897F0089BD04 /* PropertyViewController.swift */,
			);
			path = View;
			sourceTree = "<group>";
		};
/* End PBXGroup section */

/* Begin PBXNativeTarget section */
		6986241A264216190007AFAC /* SentiaCodeChallenge */ = {
			isa = PBXNativeTarget;
			buildConfigurationList = 698624452642161A0007AFAC /* Build configuration list for PBXNativeTarget "SentiaCodeChallenge" */;
			buildPhases = (
				69862417264216190007AFAC /* Sources */,
				69862418264216190007AFAC /* Frameworks */,
				69862419264216190007AFAC /* Resources */,
			);
			buildRules = (
			);
			dependencies = (
			);
			name = SentiaCodeChallenge;
			productName = SentiaCodeChallenge;
			productReference = 6986241B264216190007AFAC /* SentiaCodeChallenge.app */;
			productType = "com.apple.product-type.application";
		};
		698624302642161A0007AFAC /* SentiaCodeChallengeTests */ = {
			isa = PBXNativeTarget;
			buildConfigurationList = 698624482642161A0007AFAC /* Build configuration list for PBXNativeTarget "SentiaCodeChallengeTests" */;
			buildPhases = (
				6986242D2642161A0007AFAC /* Sources */,
				6986242E2642161A0007AFAC /* Frameworks */,
				6986242F2642161A0007AFAC /* Resources */,
			);
			buildRules = (
			);
			dependencies = (
				698624332642161A0007AFAC /* PBXTargetDependency */,
			);
			name = SentiaCodeChallengeTests;
			productName = SentiaCodeChallengeTests;
			productReference = 698624312642161A0007AFAC /* SentiaCodeChallengeTests.xctest */;
			productType = "com.apple.product-type.bundle.unit-test";
		};
		6986243B2642161A0007AFAC /* SentiaCodeChallengeUITests */ = {
			isa = PBXNativeTarget;
			buildConfigurationList = 6986244B2642161A0007AFAC /* Build configuration list for PBXNativeTarget "SentiaCodeChallengeUITests" */;
			buildPhases = (
				698624382642161A0007AFAC /* Sources */,
				698624392642161A0007AFAC /* Frameworks */,
				6986243A2642161A0007AFAC /* Resources */,
			);
			buildRules = (
			);
			dependencies = (
				6986243E2642161A0007AFAC /* PBXTargetDependency */,
			);
			name = SentiaCodeChallengeUITests;
			productName = SentiaCodeChallengeUITests;
			productReference = 6986243C2642161A0007AFAC /* SentiaCodeChallengeUITests.xctest */;
			productType = "com.apple.product-type.bundle.ui-testing";
		};
/* End PBXNativeTarget section */

/* Begin PBXProject section */
		69862413264216190007AFAC /* Project object */ = {
			isa = PBXProject;
			attributes = {
				LastSwiftUpdateCheck = 1250;
				LastUpgradeCheck = 1250;
				TargetAttributes = {
					6986241A264216190007AFAC = {
						CreatedOnToolsVersion = 12.5;
					};
					698624302642161A0007AFAC = {
						CreatedOnToolsVersion = 12.5;
						TestTargetID = 6986241A264216190007AFAC;
					};
					6986243B2642161A0007AFAC = {
						CreatedOnToolsVersion = 12.5;
						TestTargetID = 6986241A264216190007AFAC;
					};
				};
			};
			buildConfigurationList = 69862416264216190007AFAC /* Build configuration list for PBXProject "SentiaCodeChallenge" */;
			compatibilityVersion = "Xcode 9.3";
			developmentRegion = en;
			hasScannedForEncodings = 0;
			knownRegions = (
				en,
				Base,
			);
			mainGroup = 69862412264216190007AFAC;
			productRefGroup = 6986241C264216190007AFAC /* Products */;
			projectDirPath = "";
			projectRoot = "";
			targets = (
				6986241A264216190007AFAC /* SentiaCodeChallenge */,
				698624302642161A0007AFAC /* SentiaCodeChallengeTests */,
				6986243B2642161A0007AFAC /* SentiaCodeChallengeUITests */,
			);
		};
/* End PBXProject section */

/* Begin PBXResourcesBuildPhase section */
		69862419264216190007AFAC /* Resources */ = {
			isa = PBXResourcesBuildPhase;
			buildActionMask = 2147483647;
			files = (
				6986242B2642161A0007AFAC /* LaunchScreen.storyboard in Resources */,
				698624282642161A0007AFAC /* Assets.xcassets in Resources */,
				6986245D26421DAD0007AFAC /* PropertyCell.xib in Resources */,
				69862426264216190007AFAC /* Main.storyboard in Resources */,
			);
			runOnlyForDeploymentPostprocessing = 0;
		};
		6986242F2642161A0007AFAC /* Resources */ = {
			isa = PBXResourcesBuildPhase;
			buildActionMask = 2147483647;
			files = (
			);
			runOnlyForDeploymentPostprocessing = 0;
		};
		6986243A2642161A0007AFAC /* Resources */ = {
			isa = PBXResourcesBuildPhase;
			buildActionMask = 2147483647;
			files = (
			);
			runOnlyForDeploymentPostprocessing = 0;
		};
/* End PBXResourcesBuildPhase section */

/* Begin PBXSourcesBuildPhase section */
		69862417264216190007AFAC /* Sources */ = {
			isa = PBXSourcesBuildPhase;
			buildActionMask = 2147483647;
			files = (
				69862423264216190007AFAC /* PropertiesViewController.swift in Sources */,
				69862455264218750007AFAC /* HTTPClient.swift in Sources */,
				6956CE4826424FB50089BD04 /* ImageView+Extension.swift in Sources */,
				698624522642177B0007AFAC /* Properties.swift in Sources */,
				6986241F264216190007AFAC /* AppDelegate.swift in Sources */,
				69862421264216190007AFAC /* SceneDelegate.swift in Sources */,
				6986245B26421D460007AFAC /* PropertyCell.swift in Sources */,
				6956CE4A2642897F0089BD04 /* PropertyViewController.swift in Sources */,
				69862458264218F90007AFAC /* URL+Extension.swift in Sources */,
			);
			runOnlyForDeploymentPostprocessing = 0;
		};
		6986242D2642161A0007AFAC /* Sources */ = {
			isa = PBXSourcesBuildPhase;
			buildActionMask = 2147483647;
			files = (
				698624362642161A0007AFAC /* SentiaCodeChallengeTests.swift in Sources */,
			);
			runOnlyForDeploymentPostprocessing = 0;
		};
		698624382642161A0007AFAC /* Sources */ = {
			isa = PBXSourcesBuildPhase;
			buildActionMask = 2147483647;
			files = (
				698624412642161A0007AFAC /* SentiaCodeChallengeUITests.swift in Sources */,
			);
			runOnlyForDeploymentPostprocessing = 0;
		};
/* End PBXSourcesBuildPhase section */

/* Begin PBXTargetDependency section */
		698624332642161A0007AFAC /* PBXTargetDependency */ = {
			isa = PBXTargetDependency;
			target = 6986241A264216190007AFAC /* SentiaCodeChallenge */;
			targetProxy = 698624322642161A0007AFAC /* PBXContainerItemProxy */;
		};
		6986243E2642161A0007AFAC /* PBXTargetDependency */ = {
			isa = PBXTargetDependency;
			target = 6986241A264216190007AFAC /* SentiaCodeChallenge */;
			targetProxy = 6986243D2642161A0007AFAC /* PBXContainerItemProxy */;
		};
/* End PBXTargetDependency section */

/* Begin PBXVariantGroup section */
		69862424264216190007AFAC /* Main.storyboard */ = {
			isa = PBXVariantGroup;
			children = (
				69862425264216190007AFAC /* Base */,
			);
			name = Main.storyboard;
			sourceTree = "<group>";
		};
		698624292642161A0007AFAC /* LaunchScreen.storyboard */ = {
			isa = PBXVariantGroup;
			children = (
				6986242A2642161A0007AFAC /* Base */,
			);
			name = LaunchScreen.storyboard;
			sourceTree = "<group>";
		};
/* End PBXVariantGroup section */

/* Begin XCBuildConfiguration section */
		698624432642161A0007AFAC /* Debug */ = {
			isa = XCBuildConfiguration;
			buildSettings = {
				ALWAYS_SEARCH_USER_PATHS = NO;
				CLANG_ANALYZER_NONNULL = YES;
				CLANG_ANALYZER_NUMBER_OBJECT_CONVERSION = YES_AGGRESSIVE;
				CLANG_CXX_LANGUAGE_STANDARD = "gnu++14";
				CLANG_CXX_LIBRARY = "libc++";
				CLANG_ENABLE_MODULES = YES;
				CLANG_ENABLE_OBJC_ARC = YES;
				CLANG_ENABLE_OBJC_WEAK = YES;
				CLANG_WARN_BLOCK_CAPTURE_AUTORELEASING = YES;
				CLANG_WARN_BOOL_CONVERSION = YES;
				CLANG_WARN_COMMA = YES;
				CLANG_WARN_CONSTANT_CONVERSION = YES;
				CLANG_WARN_DEPRECATED_OBJC_IMPLEMENTATIONS = YES;
				CLANG_WARN_DIRECT_OBJC_ISA_USAGE = YES_ERROR;
				CLANG_WARN_DOCUMENTATION_COMMENTS = YES;
				CLANG_WARN_EMPTY_BODY = YES;
				CLANG_WARN_ENUM_CONVERSION = YES;
				CLANG_WARN_INFINITE_RECURSION = YES;
				CLANG_WARN_INT_CONVERSION = YES;
				CLANG_WARN_NON_LITERAL_NULL_CONVERSION = YES;
				CLANG_WARN_OBJC_IMPLICIT_RETAIN_SELF = YES;
				CLANG_WARN_OBJC_LITERAL_CONVERSION = YES;
				CLANG_WARN_OBJC_ROOT_CLASS = YES_ERROR;
				CLANG_WARN_QUOTED_INCLUDE_IN_FRAMEWORK_HEADER = YES;
				CLANG_WARN_RANGE_LOOP_ANALYSIS = YES;
				CLANG_WARN_STRICT_PROTOTYPES = YES;
				CLANG_WARN_SUSPICIOUS_MOVE = YES;
				CLANG_WARN_UNGUARDED_AVAILABILITY = YES_AGGRESSIVE;
				CLANG_WARN_UNREACHABLE_CODE = YES;
				CLANG_WARN__DUPLICATE_METHOD_MATCH = YES;
				COPY_PHASE_STRIP = NO;
				DEBUG_INFORMATION_FORMAT = dwarf;
				ENABLE_STRICT_OBJC_MSGSEND = YES;
				ENABLE_TESTABILITY = YES;
				GCC_C_LANGUAGE_STANDARD = gnu11;
				GCC_DYNAMIC_NO_PIC = NO;
				GCC_NO_COMMON_BLOCKS = YES;
				GCC_OPTIMIZATION_LEVEL = 0;
				GCC_PREPROCESSOR_DEFINITIONS = (
					"DEBUG=1",
					"$(inherited)",
				);
				GCC_WARN_64_TO_32_BIT_CONVERSION = YES;
				GCC_WARN_ABOUT_RETURN_TYPE = YES_ERROR;
				GCC_WARN_UNDECLARED_SELECTOR = YES;
				GCC_WARN_UNINITIALIZED_AUTOS = YES_AGGRESSIVE;
				GCC_WARN_UNUSED_FUNCTION = YES;
				GCC_WARN_UNUSED_VARIABLE = YES;
				IPHONEOS_DEPLOYMENT_TARGET = 14.5;
				MTL_ENABLE_DEBUG_INFO = INCLUDE_SOURCE;
				MTL_FAST_MATH = YES;
				ONLY_ACTIVE_ARCH = YES;
				SDKROOT = iphoneos;
				SWIFT_ACTIVE_COMPILATION_CONDITIONS = DEBUG;
				SWIFT_OPTIMIZATION_LEVEL = "-Onone";
			};
			name = Debug;
		};
		698624442642161A0007AFAC /* Release */ = {
			isa = XCBuildConfiguration;
			buildSettings = {
				ALWAYS_SEARCH_USER_PATHS = NO;
				CLANG_ANALYZER_NONNULL = YES;
				CLANG_ANALYZER_NUMBER_OBJECT_CONVERSION = YES_AGGRESSIVE;
				CLANG_CXX_LANGUAGE_STANDARD = "gnu++14";
				CLANG_CXX_LIBRARY = "libc++";
				CLANG_ENABLE_MODULES = YES;
				CLANG_ENABLE_OBJC_ARC = YES;
				CLANG_ENABLE_OBJC_WEAK = YES;
				CLANG_WARN_BLOCK_CAPTURE_AUTORELEASING = YES;
				CLANG_WARN_BOOL_CONVERSION = YES;
				CLANG_WARN_COMMA = YES;
				CLANG_WARN_CONSTANT_CONVERSION = YES;
				CLANG_WARN_DEPRECATED_OBJC_IMPLEMENTATIONS = YES;
				CLANG_WARN_DIRECT_OBJC_ISA_USAGE = YES_ERROR;
				CLANG_WARN_DOCUMENTATION_COMMENTS = YES;
				CLANG_WARN_EMPTY_BODY = YES;
				CLANG_WARN_ENUM_CONVERSION = YES;
				CLANG_WARN_INFINITE_RECURSION = YES;
				CLANG_WARN_INT_CONVERSION = YES;
				CLANG_WARN_NON_LITERAL_NULL_CONVERSION = YES;
				CLANG_WARN_OBJC_IMPLICIT_RETAIN_SELF = YES;
				CLANG_WARN_OBJC_LITERAL_CONVERSION = YES;
				CLANG_WARN_OBJC_ROOT_CLASS = YES_ERROR;
				CLANG_WARN_QUOTED_INCLUDE_IN_FRAMEWORK_HEADER = YES;
				CLANG_WARN_RANGE_LOOP_ANALYSIS = YES;
				CLANG_WARN_STRICT_PROTOTYPES = YES;
				CLANG_WARN_SUSPICIOUS_MOVE = YES;
				CLANG_WARN_UNGUARDED_AVAILABILITY = YES_AGGRESSIVE;
				CLANG_WARN_UNREACHABLE_CODE = YES;
				CLANG_WARN__DUPLICATE_METHOD_MATCH = YES;
				COPY_PHASE_STRIP = NO;
				DEBUG_INFORMATION_FORMAT = "dwarf-with-dsym";
				ENABLE_NS_ASSERTIONS = NO;
				ENABLE_STRICT_OBJC_MSGSEND = YES;
				GCC_C_LANGUAGE_STANDARD = gnu11;
				GCC_NO_COMMON_BLOCKS = YES;
				GCC_WARN_64_TO_32_BIT_CONVERSION = YES;
				GCC_WARN_ABOUT_RETURN_TYPE = YES_ERROR;
				GCC_WARN_UNDECLARED_SELECTOR = YES;
				GCC_WARN_UNINITIALIZED_AUTOS = YES_AGGRESSIVE;
				GCC_WARN_UNUSED_FUNCTION = YES;
				GCC_WARN_UNUSED_VARIABLE = YES;
				IPHONEOS_DEPLOYMENT_TARGET = 14.5;
				MTL_ENABLE_DEBUG_INFO = NO;
				MTL_FAST_MATH = YES;
				SDKROOT = iphoneos;
				SWIFT_COMPILATION_MODE = wholemodule;
				SWIFT_OPTIMIZATION_LEVEL = "-O";
				VALIDATE_PRODUCT = YES;
			};
			name = Release;
		};
		698624462642161A0007AFAC /* Debug */ = {
			isa = XCBuildConfiguration;
			buildSettings = {
				ASSETCATALOG_COMPILER_APPICON_NAME = AppIcon;
				ASSETCATALOG_COMPILER_GLOBAL_ACCENT_COLOR_NAME = AccentColor;
				CODE_SIGN_STYLE = Automatic;
				DEVELOPMENT_TEAM = R7769RMD73;
				INFOPLIST_FILE = SentiaCodeChallenge/Info.plist;
				LD_RUNPATH_SEARCH_PATHS = (
					"$(inherited)",
					"@executable_path/Frameworks",
				);
				MARKETING_VERSION = 0.1;
				PRODUCT_BUNDLE_IDENTIFIER = au.com.SentiaCodeChallenge;
				PRODUCT_NAME = "$(TARGET_NAME)";
				SWIFT_VERSION = 5.0;
				TARGETED_DEVICE_FAMILY = "1,2";
			};
			name = Debug;
		};
		698624472642161A0007AFAC /* Release */ = {
			isa = XCBuildConfiguration;
			buildSettings = {
				ASSETCATALOG_COMPILER_APPICON_NAME = AppIcon;
				ASSETCATALOG_COMPILER_GLOBAL_ACCENT_COLOR_NAME = AccentColor;
				CODE_SIGN_STYLE = Automatic;
				DEVELOPMENT_TEAM = R7769RMD73;
				INFOPLIST_FILE = SentiaCodeChallenge/Info.plist;
				LD_RUNPATH_SEARCH_PATHS = (
					"$(inherited)",
					"@executable_path/Frameworks",
				);
				MARKETING_VERSION = 0.1;
				PRODUCT_BUNDLE_IDENTIFIER = au.com.SentiaCodeChallenge;
				PRODUCT_NAME = "$(TARGET_NAME)";
				SWIFT_VERSION = 5.0;
				TARGETED_DEVICE_FAMILY = "1,2";
			};
			name = Release;
		};
		698624492642161A0007AFAC /* Debug */ = {
			isa = XCBuildConfiguration;
			buildSettings = {
				ALWAYS_EMBED_SWIFT_STANDARD_LIBRARIES = YES;
				BUNDLE_LOADER = "$(TEST_HOST)";
				CODE_SIGN_STYLE = Automatic;
				DEVELOPMENT_TEAM = R7769RMD73;
				INFOPLIST_FILE = SentiaCodeChallengeTests/Info.plist;
				IPHONEOS_DEPLOYMENT_TARGET = 14.5;
				LD_RUNPATH_SEARCH_PATHS = (
					"$(inherited)",
					"@executable_path/Frameworks",
					"@loader_path/Frameworks",
				);
				PRODUCT_BUNDLE_IDENTIFIER = au.com.SentiaCodeChallengeTests;
				PRODUCT_NAME = "$(TARGET_NAME)";
				SWIFT_VERSION = 5.0;
				TARGETED_DEVICE_FAMILY = "1,2";
				TEST_HOST = "$(BUILT_PRODUCTS_DIR)/SentiaCodeChallenge.app/SentiaCodeChallenge";
			};
			name = Debug;
		};
		6986244A2642161A0007AFAC /* Release */ = {
			isa = XCBuildConfiguration;
			buildSettings = {
				ALWAYS_EMBED_SWIFT_STANDARD_LIBRARIES = YES;
				BUNDLE_LOADER = "$(TEST_HOST)";
				CODE_SIGN_STYLE = Automatic;
				DEVELOPMENT_TEAM = R7769RMD73;
				INFOPLIST_FILE = SentiaCodeChallengeTests/Info.plist;
				IPHONEOS_DEPLOYMENT_TARGET = 14.5;
				LD_RUNPATH_SEARCH_PATHS = (
					"$(inherited)",
					"@executable_path/Frameworks",
					"@loader_path/Frameworks",
				);
				PRODUCT_BUNDLE_IDENTIFIER = au.com.SentiaCodeChallengeTests;
				PRODUCT_NAME = "$(TARGET_NAME)";
				SWIFT_VERSION = 5.0;
				TARGETED_DEVICE_FAMILY = "1,2";
				TEST_HOST = "$(BUILT_PRODUCTS_DIR)/SentiaCodeChallenge.app/SentiaCodeChallenge";
			};
			name = Release;
		};
		6986244C2642161A0007AFAC /* Debug */ = {
			isa = XCBuildConfiguration;
			buildSettings = {
				ALWAYS_EMBED_SWIFT_STANDARD_LIBRARIES = YES;
				CODE_SIGN_STYLE = Automatic;
				DEVELOPMENT_TEAM = R7769RMD73;
				INFOPLIST_FILE = SentiaCodeChallengeUITests/Info.plist;
				LD_RUNPATH_SEARCH_PATHS = (
					"$(inherited)",
					"@executable_path/Frameworks",
					"@loader_path/Frameworks",
				);
				PRODUCT_BUNDLE_IDENTIFIER = au.com.SentiaCodeChallengeUITests;
				PRODUCT_NAME = "$(TARGET_NAME)";
				SWIFT_VERSION = 5.0;
				TARGETED_DEVICE_FAMILY = "1,2";
				TEST_TARGET_NAME = SentiaCodeChallenge;
			};
			name = Debug;
		};
		6986244D2642161A0007AFAC /* Release */ = {
			isa = XCBuildConfiguration;
			buildSettings = {
				ALWAYS_EMBED_SWIFT_STANDARD_LIBRARIES = YES;
				CODE_SIGN_STYLE = Automatic;
				DEVELOPMENT_TEAM = R7769RMD73;
				INFOPLIST_FILE = SentiaCodeChallengeUITests/Info.plist;
				LD_RUNPATH_SEARCH_PATHS = (
					"$(inherited)",
					"@executable_path/Frameworks",
					"@loader_path/Frameworks",
				);
				PRODUCT_BUNDLE_IDENTIFIER = au.com.SentiaCodeChallengeUITests;
				PRODUCT_NAME = "$(TARGET_NAME)";
				SWIFT_VERSION = 5.0;
				TARGETED_DEVICE_FAMILY = "1,2";
				TEST_TARGET_NAME = SentiaCodeChallenge;
			};
			name = Release;
		};
/* End XCBuildConfiguration section */

/* Begin XCConfigurationList section */
		69862416264216190007AFAC /* Build configuration list for PBXProject "SentiaCodeChallenge" */ = {
			isa = XCConfigurationList;
			buildConfigurations = (
				698624432642161A0007AFAC /* Debug */,
				698624442642161A0007AFAC /* Release */,
			);
			defaultConfigurationIsVisible = 0;
			defaultConfigurationName = Release;
		};
		698624452642161A0007AFAC /* Build configuration list for PBXNativeTarget "SentiaCodeChallenge" */ = {
			isa = XCConfigurationList;
			buildConfigurations = (
				698624462642161A0007AFAC /* Debug */,
				698624472642161A0007AFAC /* Release */,
			);
			defaultConfigurationIsVisible = 0;
			defaultConfigurationName = Release;
		};
		698624482642161A0007AFAC /* Build configuration list for PBXNativeTarget "SentiaCodeChallengeTests" */ = {
			isa = XCConfigurationList;
			buildConfigurations = (
				698624492642161A0007AFAC /* Debug */,
				6986244A2642161A0007AFAC /* Release */,
			);
			defaultConfigurationIsVisible = 0;
			defaultConfigurationName = Release;
		};
		6986244B2642161A0007AFAC /* Build configuration list for PBXNativeTarget "SentiaCodeChallengeUITests" */ = {
			isa = XCConfigurationList;
			buildConfigurations = (
				6986244C2642161A0007AFAC /* Debug */,
				6986244D2642161A0007AFAC /* Release */,
			);
			defaultConfigurationIsVisible = 0;
			defaultConfigurationName = Release;
		};
/* End XCConfigurationList section */
	};
	rootObject = 69862413264216190007AFAC /* Project object */;
}
